# THIS IS AN AUTOGENERATED FILE. DO NOT EDIT THIS FILE DIRECTLY.
# yarn lockfile v1


twgl.js@latest:
  version "5.0.1"
  resolved "https://registry.yarnpkg.com/twgl.js/-/twgl.js-5.0.1.tgz#f74fa9c452257d0e8f552ddd0f701ddb9fd4731c"
  integrity sha512-jmraRke9UCX9WEOa+tEKz4SsBbOIhdDneCFYy63+OrB5Wod8sPgTNZFymhRer85RdZPcxVyzmD6X03iOKqFN5w==
